{"is_source_file": false, "format": "", "description": "", "external_files": [], "external_methods": [], "published": [], "classes": [], "methods": [], "calls": [], "search-terms": [], "state": 2, "file_id": 2, "knowledge_revision": 19, "git_revision": "", "filename": "/home/kavia/workspace/code-generation/geeksphere-portfolio-73981-main-container-for-geeksphere-portfolio-73981-73988/core_component_for_geeksphere_portfolio/post_process_status.lock", "hash": "e9b4c3b42cef0193b7fddb548d37e652", "format-version": 4, "code-base-name": "default", "revision_history": [{"19": ""}]}